{
  "name": "realtime-object-detection",
  "version": "1.0.0",
  "lockfileVersion": 3,
  "requires": true,
  "packages": {
    "": {
      "name": "realtime-object-detection",
      "version": "1.0.0",
      "license": "ISC",
      "devDependencies": {
        "eslint": "^9.17.0",
        "prettier": "^3.4.2"
      }
    }
  }
}